// !$*UTF8*$!
{
	archiveVersion = 1;
	classes = {
	};
	objectVersion = 48;
	objects = {

/* Begin PBXBuildFile section */
		ECD353A02085A6E800706E76 /* main.m in Sources */ = {isa = PBXBuildFile; fileRef = ECD3539F2085A6E800706E76 /* main.m */; };
		ECD353A82085A71200706E76 /* BGProxy.m in Sources */ = {isa = PBXBuildFile; fileRef = ECD353A72085A71200706E76 /* BGProxy.m */; };
		ECD353AB2085A78900706E76 /* Dog.m in Sources */ = {isa = PBXBuildFile; fileRef = ECD353AA2085A78900706E76 /* Dog.m */; };
		ECD353AE2085A79600706E76 /* Cat.m in Sources */ = {isa = PBXBuildFile; fileRef = ECD353AD2085A79600706E76 /* Cat.m */; };
		ECD353B12085A8C000706E76 /* Teacher.m in Sources */ = {isa = PBXBuildFile; fileRef = ECD353B02085A8C000706E76 /* Teacher.m */; };
		ECD353B42085CF0A00706E76 /* BGBookProvider.m in Sources */ = {isa = PBXBuildFile; fileRef = ECD353B32085CF0A00706E76 /* BGBookProvider.m */; };
		ECD353B72085CF6F00706E76 /* BGClothesProvider.m in Sources */ = {isa = PBXBuildFile; fileRef = ECD353B62085CF6F00706E76 /* BGClothesProvider.m */; };
		ECD353BA2085E78800706E76 /* BGDealerProxy.m in Sources */ = {isa = PBXBuildFile; fileRef = ECD353B92085E78800706E76 /* BGDealerProxy.m */; };
/* End PBXBuildFile section */

/* Begin PBXCopyFilesBuildPhase section */
		ECD3539A2085A6E800706E76 /* CopyFiles */ = {
			isa = PBXCopyFilesBuildPhase;
			buildActionMask = 2147483647;
			dstPath = /usr/share/man/man1/;
			dstSubfolderSpec = 0;
			files = (
			);
			runOnlyForDeploymentPostprocessing = 1;
		};
/* End PBXCopyFilesBuildPhase section */

/* Begin PBXFileReference section */
		ECD3539C2085A6E800706E76 /* ceshi */ = {isa = PBXFileReference; explicitFileType = "compiled.mach-o.executable"; includeInIndex = 0; path = ceshi; sourceTree = BUILT_PRODUCTS_DIR; };
		ECD3539F2085A6E800706E76 /* main.m */ = {isa = PBXFileReference; lastKnownFileType = sourcecode.c.objc; path = main.m; sourceTree = "<group>"; };
		ECD353A62085A71200706E76 /* BGProxy.h */ = {isa = PBXFileReference; lastKnownFileType = sourcecode.c.h; path = BGProxy.h; sourceTree = "<group>"; };
		ECD353A72085A71200706E76 /* BGProxy.m */ = {isa = PBXFileReference; lastKnownFileType = sourcecode.c.objc; path = BGProxy.m; sourceTree = "<group>"; };
		ECD353A92085A78900706E76 /* Dog.h */ = {isa = PBXFileReference; lastKnownFileType = sourcecode.c.h; path = Dog.h; sourceTree = "<group>"; };
		ECD353AA2085A78900706E76 /* Dog.m */ = {isa = PBXFileReference; lastKnownFileType = sourcecode.c.objc; path = Dog.m; sourceTree = "<group>"; };
		ECD353AC2085A79600706E76 /* Cat.h */ = {isa = PBXFileReference; lastKnownFileType = sourcecode.c.h; path = Cat.h; sourceTree = "<group>"; };
		ECD353AD2085A79600706E76 /* Cat.m */ = {isa = PBXFileReference; lastKnownFileType = sourcecode.c.objc; path = Cat.m; sourceTree = "<group>"; };
		ECD353AF2085A8C000706E76 /* Teacher.h */ = {isa = PBXFileReference; lastKnownFileType = sourcecode.c.h; path = Teacher.h; sourceTree = "<group>"; };
		ECD353B02085A8C000706E76 /* Teacher.m */ = {isa = PBXFileReference; lastKnownFileType = sourcecode.c.objc; path = Teacher.m; sourceTree = "<group>"; };
		ECD353B22085CF0A00706E76 /* BGBookProvider.h */ = {isa = PBXFileReference; lastKnownFileType = sourcecode.c.h; path = BGBookProvider.h; sourceTree = "<group>"; };
		ECD353B32085CF0A00706E76 /* BGBookProvider.m */ = {isa = PBXFileReference; lastKnownFileType = sourcecode.c.objc; path = BGBookProvider.m; sourceTree = "<group>"; };
		ECD353B52085CF6F00706E76 /* BGClothesProvider.h */ = {isa = PBXFileReference; lastKnownFileType = sourcecode.c.h; path = BGClothesProvider.h; sourceTree = "<group>"; };
		ECD353B62085CF6F00706E76 /* BGClothesProvider.m */ = {isa = PBXFileReference; lastKnownFileType = sourcecode.c.objc; path = BGClothesProvider.m; sourceTree = "<group>"; };
		ECD353B82085E78800706E76 /* BGDealerProxy.h */ = {isa = PBXFileReference; lastKnownFileType = sourcecode.c.h; path = BGDealerProxy.h; sourceTree = "<group>"; };
		ECD353B92085E78800706E76 /* BGDealerProxy.m */ = {isa = PBXFileReference; lastKnownFileType = sourcecode.c.objc; path = BGDealerProxy.m; sourceTree = "<group>"; };
/* End PBXFileReference section */

/* Begin PBXFrameworksBuildPhase section */
		ECD353992085A6E800706E76 /* Frameworks */ = {
			isa = PBXFrameworksBuildPhase;
			buildActionMask = 2147483647;
			files = (
			);
			runOnlyForDeploymentPostprocessing = 0;
		};
/* End PBXFrameworksBuildPhase section */

/* Begin PBXGroup section */
		ECD353932085A6E800706E76 = {
			isa = PBXGroup;
			children = (
				ECD3539E2085A6E800706E76 /* ceshi */,
				ECD3539D2085A6E800706E76 /* Products */,
			);
			sourceTree = "<group>";
		};
		ECD3539D2085A6E800706E76 /* Products */ = {
			isa = PBXGroup;
			children = (
				ECD3539C2085A6E800706E76 /* ceshi */,
			);
			name = Products;
			sourceTree = "<group>";
		};
		ECD3539E2085A6E800706E76 /* ceshi */ = {
			isa = PBXGroup;
			children = (
				ECD3539F2085A6E800706E76 /* main.m */,
				ECD353A62085A71200706E76 /* BGProxy.h */,
				ECD353A72085A71200706E76 /* BGProxy.m */,
				ECD353A92085A78900706E76 /* Dog.h */,
				ECD353AA2085A78900706E76 /* Dog.m */,
				ECD353AC2085A79600706E76 /* Cat.h */,
				ECD353AD2085A79600706E76 /* Cat.m */,
				ECD353AF2085A8C000706E76 /* Teacher.h */,
				ECD353B02085A8C000706E76 /* Teacher.m */,
				ECD353B22085CF0A00706E76 /* BGBookProvider.h */,
				ECD353B32085CF0A00706E76 /* BGBookProvider.m */,
				ECD353B52085CF6F00706E76 /* BGClothesProvider.h */,
				ECD353B62085CF6F00706E76 /* BGClothesProvider.m */,
				ECD353B82085E78800706E76 /* BGDealerProxy.h */,
				ECD353B92085E78800706E76 /* BGDealerProxy.m */,
			);
			path = ceshi;
			sourceTree = "<group>";
		};
/* End PBXGroup section */

/* Begin PBXNativeTarget section */
		ECD3539B2085A6E800706E76 /* ceshi */ = {
			isa = PBXNativeTarget;
			buildConfigurationList = ECD353A32085A6E800706E76 /* Build configuration list for PBXNativeTarget "ceshi" */;
			buildPhases = (
				ECD353982085A6E800706E76 /* Sources */,
				ECD353992085A6E800706E76 /* Frameworks */,
				ECD3539A2085A6E800706E76 /* CopyFiles */,
			);
			buildRules = (
			);
			dependencies = (
			);
			name = ceshi;
			productName = ceshi;
			productReference = ECD3539C2085A6E800706E76 /* ceshi */;
			productType = "com.apple.product-type.tool";
		};
/* End PBXNativeTarget section */

/* Begin PBXProject section */
		ECD353942085A6E800706E76 /* Project object */ = {
			isa = PBXProject;
			attributes = {
				LastUpgradeCheck = 0920;
				ORGANIZATIONNAME = zhangzhiliang;
				TargetAttributes = {
					ECD3539B2085A6E800706E76 = {
						CreatedOnToolsVersion = 9.2;
						ProvisioningStyle = Automatic;
					};
				};
			};
			buildConfigurationList = ECD353972085A6E800706E76 /* Build configuration list for PBXProject "ceshi" */;
			compatibilityVersion = "Xcode 8.0";
			developmentRegion = en;
			hasScannedForEncodings = 0;
			knownRegions = (
				en,
			);
			mainGroup = ECD353932085A6E800706E76;
			productRefGroup = ECD3539D2085A6E800706E76 /* Products */;
			projectDirPath = "";
			projectRoot = "";
			targets = (
				ECD3539B2085A6E800706E76 /* ceshi */,
			);
		};
/* End PBXProject section */

/* Begin PBXSourcesBuildPhase section */
		ECD353982085A6E800706E76 /* Sources */ = {
			isa = PBXSourcesBuildPhase;
			buildActionMask = 2147483647;
			files = (
				ECD353AE2085A79600706E76 /* Cat.m in Sources */,
				ECD353AB2085A78900706E76 /* Dog.m in Sources */,
				ECD353BA2085E78800706E76 /* BGDealerProxy.m in Sources */,
				ECD353B72085CF6F00706E76 /* BGClothesProvider.m in Sources */,
				ECD353A02085A6E800706E76 /* main.m in Sources */,
				ECD353B12085A8C000706E76 /* Teacher.m in Sources */,
				ECD353B42085CF0A00706E76 /* BGBookProvider.m in Sources */,
				ECD353A82085A71200706E76 /* BGProxy.m in Sources */,
			);
			runOnlyForDeploymentPostprocessing = 0;
		};
/* End PBXSourcesBuildPhase section */

/* Begin XCBuildConfiguration section */
		ECD353A12085A6E800706E76 /* Debug */ = {
			isa = XCBuildConfiguration;
			buildSettings = {
				ALWAYS_SEARCH_USER_PATHS = NO;
				CLANG_ANALYZER_NONNULL = YES;
				CLANG_ANALYZER_NUMBER_OBJECT_CONVERSION = YES_AGGRESSIVE;
				CLANG_CXX_LANGUAGE_STANDARD = "gnu++14";
				CLANG_CXX_LIBRARY = "libc++";
				CLANG_ENABLE_MODULES = YES;
				CLANG_ENABLE_OBJC_ARC = YES;
				CLANG_WARN_BLOCK_CAPTURE_AUTORELEASING = YES;
				CLANG_WARN_BOOL_CONVERSION = YES;
				CLANG_WARN_COMMA = YES;
				CLANG_WARN_CONSTANT_CONVERSION = YES;
				CLANG_WARN_DIRECT_OBJC_ISA_USAGE = YES_ERROR;
				CLANG_WARN_DOCUMENTATION_COMMENTS = YES;
				CLANG_WARN_EMPTY_BODY = YES;
				CLANG_WARN_ENUM_CONVERSION = YES;
				CLANG_WARN_INFINITE_RECURSION = YES;
				CLANG_WARN_INT_CONVERSION = YES;
				CLANG_WARN_NON_LITERAL_NULL_CONVERSION = YES;
				CLANG_WARN_OBJC_LITERAL_CONVERSION = YES;
				CLANG_WARN_OBJC_ROOT_CLASS = YES_ERROR;
				CLANG_WARN_RANGE_LOOP_ANALYSIS = YES;
				CLANG_WARN_STRICT_PROTOTYPES = YES;
				CLANG_WARN_SUSPICIOUS_MOVE = YES;
				CLANG_WARN_UNGUARDED_AVAILABILITY = YES_AGGRESSIVE;
				CLANG_WARN_UNREACHABLE_CODE = YES;
				CLANG_WARN__DUPLICATE_METHOD_MATCH = YES;
				CODE_SIGN_IDENTITY = "Mac Developer";
				COPY_PHASE_STRIP = NO;
				DEBUG_INFORMATION_FORMAT = dwarf;
				ENABLE_STRICT_OBJC_MSGSEND = YES;
				ENABLE_TESTABILITY = YES;
				GCC_C_LANGUAGE_STANDARD = gnu11;
				GCC_DYNAMIC_NO_PIC = NO;
				GCC_NO_COMMON_BLOCKS = YES;
				GCC_OPTIMIZATION_LEVEL = 0;
				GCC_PREPROCESSOR_DEFINITIONS = (
					"DEBUG=1",
					"$(inherited)",
				);
				GCC_WARN_64_TO_32_BIT_CONVERSION = YES;
				GCC_WARN_ABOUT_RETURN_TYPE = YES_ERROR;
				GCC_WARN_UNDECLARED_SELECTOR = YES;
				GCC_WARN_UNINITIALIZED_AUTOS = YES_AGGRESSIVE;
				GCC_WARN_UNUSED_FUNCTION = YES;
				GCC_WARN_UNUSED_VARIABLE = YES;
				MACOSX_DEPLOYMENT_TARGET = 10.13;
				MTL_ENABLE_DEBUG_INFO = YES;
				ONLY_ACTIVE_ARCH = YES;
				SDKROOT = macosx;
			};
			name = Debug;
		};
		ECD353A22085A6E800706E76 /* Release */ = {
			isa = XCBuildConfiguration;
			buildSettings = {
				ALWAYS_SEARCH_USER_PATHS = NO;
				CLANG_ANALYZER_NONNULL = YES;
				CLANG_ANALYZER_NUMBER_OBJECT_CONVERSION = YES_AGGRESSIVE;
				CLANG_CXX_LANGUAGE_STANDARD = "gnu++14";
				CLANG_CXX_LIBRARY = "libc++";
				CLANG_ENABLE_MODULES = YES;
				CLANG_ENABLE_OBJC_ARC = YES;
				CLANG_WARN_BLOCK_CAPTURE_AUTORELEASING = YES;
				CLANG_WARN_BOOL_CONVERSION = YES;
				CLANG_WARN_COMMA = YES;
				CLANG_WARN_CONSTANT_CONVERSION = YES;
				CLANG_WARN_DIRECT_OBJC_ISA_USAGE = YES_ERROR;
				CLANG_WARN_DOCUMENTATION_COMMENTS = YES;
				CLANG_WARN_EMPTY_BODY = YES;
				CLANG_WARN_ENUM_CONVERSION = YES;
				CLANG_WARN_INFINITE_RECURSION = YES;
				CLANG_WARN_INT_CONVERSION = YES;
				CLANG_WARN_NON_LITERAL_NULL_CONVERSION = YES;
				CLANG_WARN_OBJC_LITERAL_CONVERSION = YES;
				CLANG_WARN_OBJC_ROOT_CLASS = YES_ERROR;
				CLANG_WARN_RANGE_LOOP_ANALYSIS = YES;
				CLANG_WARN_STRICT_PROTOTYPES = YES;
				CLANG_WARN_SUSPICIOUS_MOVE = YES;
				CLANG_WARN_UNGUARDED_AVAILABILITY = YES_AGGRESSIVE;
				CLANG_WARN_UNREACHABLE_CODE = YES;
				CLANG_WARN__DUPLICATE_METHOD_MATCH = YES;
				CODE_SIGN_IDENTITY = "Mac Developer";
				COPY_PHASE_STRIP = NO;
				DEBUG_INFORMATION_FORMAT = "dwarf-with-dsym";
				ENABLE_NS_ASSERTIONS = NO;
				ENABLE_STRICT_OBJC_MSGSEND = YES;
				GCC_C_LANGUAGE_STANDARD = gnu11;
				GCC_NO_COMMON_BLOCKS = YES;
				GCC_WARN_64_TO_32_BIT_CONVERSION = YES;
				GCC_WARN_ABOUT_RETURN_TYPE = YES_ERROR;
				GCC_WARN_UNDECLARED_SELECTOR = YES;
				GCC_WARN_UNINITIALIZED_AUTOS = YES_AGGRESSIVE;
				GCC_WARN_UNUSED_FUNCTION = YES;
				GCC_WARN_UNUSED_VARIABLE = YES;
				MACOSX_DEPLOYMENT_TARGET = 10.13;
				MTL_ENABLE_DEBUG_INFO = NO;
				SDKROOT = macosx;
			};
			name = Release;
		};
		ECD353A42085A6E800706E76 /* Debug */ = {
			isa = XCBuildConfiguration;
			buildSettings = {
				CODE_SIGN_STYLE = Automatic;
				DEVELOPMENT_TEAM = VY267KZ723;
				PRODUCT_NAME = "$(TARGET_NAME)";
			};
			name = Debug;
		};
		ECD353A52085A6E800706E76 /* Release */ = {
			isa = XCBuildConfiguration;
			buildSettings = {
				CODE_SIGN_STYLE = Automatic;
				DEVELOPMENT_TEAM = VY267KZ723;
				PRODUCT_NAME = "$(TARGET_NAME)";
			};
			name = Release;
		};
/* End XCBuildConfiguration section */

/* Begin XCConfigurationList section */
		ECD353972085A6E800706E76 /* Build configuration list for PBXProject "ceshi" */ = {
			isa = XCConfigurationList;
			buildConfigurations = (
				ECD353A12085A6E800706E76 /* Debug */,
				ECD353A22085A6E800706E76 /* Release */,
			);
			defaultConfigurationIsVisible = 0;
			defaultConfigurationName = Release;
		};
		ECD353A32085A6E800706E76 /* Build configuration list for PBXNativeTarget "ceshi" */ = {
			isa = XCConfigurationList;
			buildConfigurations = (
				ECD353A42085A6E800706E76 /* Debug */,
				ECD353A52085A6E800706E76 /* Release */,
			);
			defaultConfigurationIsVisible = 0;
			defaultConfigurationName = Release;
		};
/* End XCConfigurationList section */
	};
	rootObject = ECD353942085A6E800706E76 /* Project object */;
}
